# This file is automatically @generated by Cargo.
# It is not intended for manual editing.
version = 4

[[package]]
name = "glam"
version = "0.30.8"
source = "registry+https://github.com/rust-lang/crates.io-index"
checksum = "e12d847aeb25f41be4c0ec9587d624e9cd631bc007a8fd7ce3f5851e064c6460"

[[package]]
name = "hash_small"
version = "0.1.0"
dependencies = [
 "glam",
]
